
Microsoft Visual Studio Solution File, Format Version 12.00
# Visual Studio 15
VisualStudioVersion = 15.0.28010.2026
MinimumVisualStudioVersion = 10.0.40219.1
Project("{54435603-DBB4-11D2-8724-00A0C9A8B90C}") = "InstallerStaff", "InstallerStaff\InstallerStaff.vdproj", "{B9DF3416-3052-4581-9C3D-C28D65B499F1}"
EndProject
Project("{FAE04EC0-301F-11D3-BF4B-00C04F79EFBC}") = "Staff_database", "Staff_database\Staff_database.csproj", "{61415200-2786-4CE9-BB6D-80888B88C71D}"
EndProject
Project("{9A19103F-16F7-4668-BE54-9A1E7A4F7556}") = "StartPageTest", "StartPageTest\StartPageTest.csproj", "{4176777C-5AC0-4969-BE40-C76D92808385}"
EndProject
Project("{FAE04EC0-301F-11D3-BF4B-00C04F79EFBC}") = "LicenceCreator", "LicenceCreator\LicenceCreator.csproj", "{D0F8AEC8-8EA4-4D2B-BAE3-A7AEF03856EA}"
EndProject
Project("{54435603-DBB4-11D2-8724-00A0C9A8B90C}") = "CreatorLicence", "CreatorLicence\CreatorLicence.vdproj", "{B179E4D0-1D6F-4396-A46F-5E5B868225AB}"
EndProject
Global
	GlobalSection(SolutionConfigurationPlatforms) = preSolution
		Debug|Any CPU = Debug|Any CPU
		Debug|ARM = Debug|ARM
		Debug|ARM64 = Debug|ARM64
		Debug|x64 = Debug|x64
		Debug|x86 = Debug|x86
		Release|Any CPU = Release|Any CPU
		Release|ARM = Release|ARM
		Release|ARM64 = Release|ARM64
		Release|x64 = Release|x64
		Release|x86 = Release|x86
	EndGlobalSection
	GlobalSection(ProjectConfigurationPlatforms) = postSolution
		{B9DF3416-3052-4581-9C3D-C28D65B499F1}.Debug|Any CPU.ActiveCfg = Debug
		{B9DF3416-3052-4581-9C3D-C28D65B499F1}.Debug|ARM.ActiveCfg = Debug
		{B9DF3416-3052-4581-9C3D-C28D65B499F1}.Debug|ARM.Build.0 = Debug
		{B9DF3416-3052-4581-9C3D-C28D65B499F1}.Debug|ARM64.ActiveCfg = Debug
		{B9DF3416-3052-4581-9C3D-C28D65B499F1}.Debug|ARM64.Build.0 = Debug
		{B9DF3416-3052-4581-9C3D-C28D65B499F1}.Debug|x64.ActiveCfg = Debug
		{B9DF3416-3052-4581-9C3D-C28D65B499F1}.Debug|x64.Build.0 = Debug
		{B9DF3416-3052-4581-9C3D-C28D65B499F1}.Debug|x86.ActiveCfg = Debug
		{B9DF3416-3052-4581-9C3D-C28D65B499F1}.Debug|x86.Build.0 = Debug
		{B9DF3416-3052-4581-9C3D-C28D65B499F1}.Release|Any CPU.ActiveCfg = Release
		{B9DF3416-3052-4581-9C3D-C28D65B499F1}.Release|ARM.ActiveCfg = Release
		{B9DF3416-3052-4581-9C3D-C28D65B499F1}.Release|ARM.Build.0 = Release
		{B9DF3416-3052-4581-9C3D-C28D65B499F1}.Release|ARM64.ActiveCfg = Release
		{B9DF3416-3052-4581-9C3D-C28D65B499F1}.Release|ARM64.Build.0 = Release
		{B9DF3416-3052-4581-9C3D-C28D65B499F1}.Release|x64.ActiveCfg = Release
		{B9DF3416-3052-4581-9C3D-C28D65B499F1}.Release|x64.Build.0 = Release
		{B9DF3416-3052-4581-9C3D-C28D65B499F1}.Release|x86.ActiveCfg = Release
		{B9DF3416-3052-4581-9C3D-C28D65B499F1}.Release|x86.Build.0 = Release
		{61415200-2786-4CE9-BB6D-80888B88C71D}.Debug|Any CPU.ActiveCfg = Debug|Any CPU
		{61415200-2786-4CE9-BB6D-80888B88C71D}.Debug|Any CPU.Build.0 = Debug|Any CPU
		{61415200-2786-4CE9-BB6D-80888B88C71D}.Debug|ARM.ActiveCfg = Debug|Any CPU
		{61415200-2786-4CE9-BB6D-80888B88C71D}.Debug|ARM.Build.0 = Debug|Any CPU
		{61415200-2786-4CE9-BB6D-80888B88C71D}.Debug|ARM64.ActiveCfg = Debug|Any CPU
		{61415200-2786-4CE9-BB6D-80888B88C71D}.Debug|ARM64.Build.0 = Debug|Any CPU
		{61415200-2786-4CE9-BB6D-80888B88C71D}.Debug|x64.ActiveCfg = Debug|Any CPU
		{61415200-2786-4CE9-BB6D-80888B88C71D}.Debug|x64.Build.0 = Debug|Any CPU
		{61415200-2786-4CE9-BB6D-80888B88C71D}.Debug|x86.ActiveCfg = Debug|Any CPU
		{61415200-2786-4CE9-BB6D-80888B88C71D}.Debug|x86.Build.0 = Debug|Any CPU
		{61415200-2786-4CE9-BB6D-80888B88C71D}.Release|Any CPU.ActiveCfg = Release|Any CPU
		{61415200-2786-4CE9-BB6D-80888B88C71D}.Release|Any CPU.Build.0 = Release|Any CPU
		{61415200-2786-4CE9-BB6D-80888B88C71D}.Release|ARM.ActiveCfg = Release|Any CPU
		{61415200-2786-4CE9-BB6D-80888B88C71D}.Release|ARM.Build.0 = Release|Any CPU
		{61415200-2786-4CE9-BB6D-80888B88C71D}.Release|ARM64.ActiveCfg = Release|Any CPU
		{61415200-2786-4CE9-BB6D-80888B88C71D}.Release|ARM64.Build.0 = Release|Any CPU
		{61415200-2786-4CE9-BB6D-80888B88C71D}.Release|x64.ActiveCfg = Release|Any CPU
		{61415200-2786-4CE9-BB6D-80888B88C71D}.Release|x64.Build.0 = Release|Any CPU
		{61415200-2786-4CE9-BB6D-80888B88C71D}.Release|x86.ActiveCfg = Release|Any CPU
		{61415200-2786-4CE9-BB6D-80888B88C71D}.Release|x86.Build.0 = Release|Any CPU
		{4176777C-5AC0-4969-BE40-C76D92808385}.Debug|Any CPU.ActiveCfg = Debug|Any CPU
		{4176777C-5AC0-4969-BE40-C76D92808385}.Debug|Any CPU.Build.0 = Debug|Any CPU
		{4176777C-5AC0-4969-BE40-C76D92808385}.Debug|ARM.ActiveCfg = Debug|Any CPU
		{4176777C-5AC0-4969-BE40-C76D92808385}.Debug|ARM.Build.0 = Debug|Any CPU
		{4176777C-5AC0-4969-BE40-C76D92808385}.Debug|ARM64.ActiveCfg = Debug|Any CPU
		{4176777C-5AC0-4969-BE40-C76D92808385}.Debug|ARM64.Build.0 = Debug|Any CPU
		{4176777C-5AC0-4969-BE40-C76D92808385}.Debug|x64.ActiveCfg = Debug|Any CPU
		{4176777C-5AC0-4969-BE40-C76D92808385}.Debug|x64.Build.0 = Debug|Any CPU
		{4176777C-5AC0-4969-BE40-C76D92808385}.Debug|x86.ActiveCfg = Debug|Any CPU
		{4176777C-5AC0-4969-BE40-C76D92808385}.Debug|x86.Build.0 = Debug|Any CPU
		{4176777C-5AC0-4969-BE40-C76D92808385}.Release|Any CPU.ActiveCfg = Release|Any CPU
		{4176777C-5AC0-4969-BE40-C76D92808385}.Release|Any CPU.Build.0 = Release|Any CPU
		{4176777C-5AC0-4969-BE40-C76D92808385}.Release|ARM.ActiveCfg = Release|Any CPU
		{4176777C-5AC0-4969-BE40-C76D92808385}.Release|ARM.Build.0 = Release|Any CPU
		{4176777C-5AC0-4969-BE40-C76D92808385}.Release|ARM64.ActiveCfg = Release|Any CPU
		{4176777C-5AC0-4969-BE40-C76D92808385}.Release|ARM64.Build.0 = Release|Any CPU
		{4176777C-5AC0-4969-BE40-C76D92808385}.Release|x64.ActiveCfg = Release|Any CPU
		{4176777C-5AC0-4969-BE40-C76D92808385}.Release|x64.Build.0 = Release|Any CPU
		{4176777C-5AC0-4969-BE40-C76D92808385}.Release|x86.ActiveCfg = Release|Any CPU
		{4176777C-5AC0-4969-BE40-C76D92808385}.Release|x86.Build.0 = Release|Any CPU
		{D0F8AEC8-8EA4-4D2B-BAE3-A7AEF03856EA}.Debug|Any CPU.ActiveCfg = Debug|Any CPU
		{D0F8AEC8-8EA4-4D2B-BAE3-A7AEF03856EA}.Debug|Any CPU.Build.0 = Debug|Any CPU
		{D0F8AEC8-8EA4-4D2B-BAE3-A7AEF03856EA}.Debug|ARM.ActiveCfg = Debug|Any CPU
		{D0F8AEC8-8EA4-4D2B-BAE3-A7AEF03856EA}.Debug|ARM.Build.0 = Debug|Any CPU
		{D0F8AEC8-8EA4-4D2B-BAE3-A7AEF03856EA}.Debug|ARM64.ActiveCfg = Debug|Any CPU
		{D0F8AEC8-8EA4-4D2B-BAE3-A7AEF03856EA}.Debug|ARM64.Build.0 = Debug|Any CPU
		{D0F8AEC8-8EA4-4D2B-BAE3-A7AEF03856EA}.Debug|x64.ActiveCfg = Debug|Any CPU
		{D0F8AEC8-8EA4-4D2B-BAE3-A7AEF03856EA}.Debug|x64.Build.0 = Debug|Any CPU
		{D0F8AEC8-8EA4-4D2B-BAE3-A7AEF03856EA}.Debug|x86.ActiveCfg = Debug|Any CPU
		{D0F8AEC8-8EA4-4D2B-BAE3-A7AEF03856EA}.Debug|x86.Build.0 = Debug|Any CPU
		{D0F8AEC8-8EA4-4D2B-BAE3-A7AEF03856EA}.Release|Any CPU.ActiveCfg = Release|Any CPU
		{D0F8AEC8-8EA4-4D2B-BAE3-A7AEF03856EA}.Release|Any CPU.Build.0 = Release|Any CPU
		{D0F8AEC8-8EA4-4D2B-BAE3-A7AEF03856EA}.Release|ARM.ActiveCfg = Release|Any CPU
		{D0F8AEC8-8EA4-4D2B-BAE3-A7AEF03856EA}.Release|ARM.Build.0 = Release|Any CPU
		{D0F8AEC8-8EA4-4D2B-BAE3-A7AEF03856EA}.Release|ARM64.ActiveCfg = Release|Any CPU
		{D0F8AEC8-8EA4-4D2B-BAE3-A7AEF03856EA}.Release|ARM64.Build.0 = Release|Any CPU
		{D0F8AEC8-8EA4-4D2B-BAE3-A7AEF03856EA}.Release|x64.ActiveCfg = Release|Any CPU
		{D0F8AEC8-8EA4-4D2B-BAE3-A7AEF03856EA}.Release|x64.Build.0 = Release|Any CPU
		{D0F8AEC8-8EA4-4D2B-BAE3-A7AEF03856EA}.Release|x86.ActiveCfg = Release|Any CPU
		{D0F8AEC8-8EA4-4D2B-BAE3-A7AEF03856EA}.Release|x86.Build.0 = Release|Any CPU
		{B179E4D0-1D6F-4396-A46F-5E5B868225AB}.Debug|Any CPU.ActiveCfg = Debug
		{B179E4D0-1D6F-4396-A46F-5E5B868225AB}.Debug|ARM.ActiveCfg = Debug
		{B179E4D0-1D6F-4396-A46F-5E5B868225AB}.Debug|ARM64.ActiveCfg = Debug
		{B179E4D0-1D6F-4396-A46F-5E5B868225AB}.Debug|x64.ActiveCfg = Debug
		{B179E4D0-1D6F-4396-A46F-5E5B868225AB}.Debug|x86.ActiveCfg = Debug
		{B179E4D0-1D6F-4396-A46F-5E5B868225AB}.Release|Any CPU.ActiveCfg = Release
		{B179E4D0-1D6F-4396-A46F-5E5B868225AB}.Release|ARM.ActiveCfg = Release
		{B179E4D0-1D6F-4396-A46F-5E5B868225AB}.Release|ARM64.ActiveCfg = Release
		{B179E4D0-1D6F-4396-A46F-5E5B868225AB}.Release|x64.ActiveCfg = Release
		{B179E4D0-1D6F-4396-A46F-5E5B868225AB}.Release|x86.ActiveCfg = Release
	EndGlobalSection
	GlobalSection(SolutionProperties) = preSolution
		HideSolutionNode = FALSE
	EndGlobalSection
	GlobalSection(ExtensibilityGlobals) = postSolution
		SolutionGuid = {0BF57BB5-25CD-4691-BC7C-47DE1031684C}
	EndGlobalSection
EndGlobal
