
Microsoft Visual Studio Solution File, Format Version 12.00
# Visual Studio 15
VisualStudioVersion = 15.0.28010.2026
MinimumVisualStudioVersion = 10.0.40219.1
Project("{FAE04EC0-301F-11D3-BF4B-00C04F79EFBC}") = "SetLicenceID", "SetLicenceID\SetLicenceID.csproj", "{FC45E844-CDCF-4F14-A0A4-168B7D01C090}"
EndProject
Global
	GlobalSection(SolutionConfigurationPlatforms) = preSolution
		Debug|Any CPU = Debug|Any CPU
		Release|Any CPU = Release|Any CPU
	EndGlobalSection
	GlobalSection(ProjectConfigurationPlatforms) = postSolution
		{FC45E844-CDCF-4F14-A0A4-168B7D01C090}.Debug|Any CPU.ActiveCfg = Debug|Any CPU
		{FC45E844-CDCF-4F14-A0A4-168B7D01C090}.Debug|Any CPU.Build.0 = Debug|Any CPU
		{FC45E844-CDCF-4F14-A0A4-168B7D01C090}.Release|Any CPU.ActiveCfg = Release|Any CPU
		{FC45E844-CDCF-4F14-A0A4-168B7D01C090}.Release|Any CPU.Build.0 = Release|Any CPU
	EndGlobalSection
	GlobalSection(SolutionProperties) = preSolution
		HideSolutionNode = FALSE
	EndGlobalSection
	GlobalSection(ExtensibilityGlobals) = postSolution
		SolutionGuid = {6D7551C1-A835-4D89-BE6C-0B46074DBAEC}
	EndGlobalSection
EndGlobal
